
Microsoft Visual Studio Solution File, Format Version 12.00
# Visual Studio 14
VisualStudioVersion = 14.0.24720.0
MinimumVisualStudioVersion = 10.0.40219.1
Project("{262852C6-CD72-467D-83FE-5EEB1973A190}") = "GameOfCode", "GameOfCode\GameOfCode.jsproj", "{70298A06-C462-48F0-9423-8E08C882839B}"
EndProject
Project("{9092AA53-FB77-4645-B42D-1CCCA6BD08BD}") = "Server", "Server\Server.njsproj", "{FBF6A57B-BB7A-43AD-BD07-DA7994FB500E}"
EndProject
Global
	GlobalSection(SolutionConfigurationPlatforms) = preSolution
		Debug|Android = Debug|Android
		Debug|Any CPU = Debug|Any CPU
		Debug|iOS = Debug|iOS
		Debug|Windows Phone (Universal) = Debug|Windows Phone (Universal)
		Debug|Windows Phone 8 = Debug|Windows Phone 8
		Debug|Windows-AnyCPU = Debug|Windows-AnyCPU
		Debug|Windows-ARM = Debug|Windows-ARM
		Debug|Windows-x64 = Debug|Windows-x64
		Debug|Windows-x86 = Debug|Windows-x86
		Release|Android = Release|Android
		Release|Any CPU = Release|Any CPU
		Release|iOS = Release|iOS
		Release|Windows Phone (Universal) = Release|Windows Phone (Universal)
		Release|Windows Phone 8 = Release|Windows Phone 8
		Release|Windows-AnyCPU = Release|Windows-AnyCPU
		Release|Windows-ARM = Release|Windows-ARM
		Release|Windows-x64 = Release|Windows-x64
		Release|Windows-x86 = Release|Windows-x86
	EndGlobalSection
	GlobalSection(ProjectConfigurationPlatforms) = postSolution
		{70298A06-C462-48F0-9423-8E08C882839B}.Debug|Android.ActiveCfg = Debug|Android
		{70298A06-C462-48F0-9423-8E08C882839B}.Debug|Android.Build.0 = Debug|Android
		{70298A06-C462-48F0-9423-8E08C882839B}.Debug|Android.Deploy.0 = Debug|Android
		{70298A06-C462-48F0-9423-8E08C882839B}.Debug|Any CPU.ActiveCfg = Debug|Android
		{70298A06-C462-48F0-9423-8E08C882839B}.Debug|iOS.ActiveCfg = Debug|iOS
		{70298A06-C462-48F0-9423-8E08C882839B}.Debug|iOS.Build.0 = Debug|iOS
		{70298A06-C462-48F0-9423-8E08C882839B}.Debug|iOS.Deploy.0 = Debug|iOS
		{70298A06-C462-48F0-9423-8E08C882839B}.Debug|Windows Phone (Universal).ActiveCfg = Debug|Windows Phone (Universal)
		{70298A06-C462-48F0-9423-8E08C882839B}.Debug|Windows Phone (Universal).Build.0 = Debug|Windows Phone (Universal)
		{70298A06-C462-48F0-9423-8E08C882839B}.Debug|Windows Phone (Universal).Deploy.0 = Debug|Windows Phone (Universal)
		{70298A06-C462-48F0-9423-8E08C882839B}.Debug|Windows Phone 8.ActiveCfg = Debug|Windows Phone 8
		{70298A06-C462-48F0-9423-8E08C882839B}.Debug|Windows Phone 8.Build.0 = Debug|Windows Phone 8
		{70298A06-C462-48F0-9423-8E08C882839B}.Debug|Windows Phone 8.Deploy.0 = Debug|Windows Phone 8
		{70298A06-C462-48F0-9423-8E08C882839B}.Debug|Windows-AnyCPU.ActiveCfg = Debug|Windows-AnyCPU
		{70298A06-C462-48F0-9423-8E08C882839B}.Debug|Windows-AnyCPU.Build.0 = Debug|Windows-AnyCPU
		{70298A06-C462-48F0-9423-8E08C882839B}.Debug|Windows-AnyCPU.Deploy.0 = Debug|Windows-AnyCPU
		{70298A06-C462-48F0-9423-8E08C882839B}.Debug|Windows-ARM.ActiveCfg = Debug|Windows-ARM
		{70298A06-C462-48F0-9423-8E08C882839B}.Debug|Windows-ARM.Build.0 = Debug|Windows-ARM
		{70298A06-C462-48F0-9423-8E08C882839B}.Debug|Windows-ARM.Deploy.0 = Debug|Windows-ARM
		{70298A06-C462-48F0-9423-8E08C882839B}.Debug|Windows-x64.ActiveCfg = Debug|Windows-x64
		{70298A06-C462-48F0-9423-8E08C882839B}.Debug|Windows-x64.Build.0 = Debug|Windows-x64
		{70298A06-C462-48F0-9423-8E08C882839B}.Debug|Windows-x64.Deploy.0 = Debug|Windows-x64
		{70298A06-C462-48F0-9423-8E08C882839B}.Debug|Windows-x86.ActiveCfg = Debug|Windows-x86
		{70298A06-C462-48F0-9423-8E08C882839B}.Debug|Windows-x86.Build.0 = Debug|Windows-x86
		{70298A06-C462-48F0-9423-8E08C882839B}.Debug|Windows-x86.Deploy.0 = Debug|Windows-x86
		{70298A06-C462-48F0-9423-8E08C882839B}.Release|Android.ActiveCfg = Release|Android
		{70298A06-C462-48F0-9423-8E08C882839B}.Release|Android.Build.0 = Release|Android
		{70298A06-C462-48F0-9423-8E08C882839B}.Release|Android.Deploy.0 = Release|Android
		{70298A06-C462-48F0-9423-8E08C882839B}.Release|Any CPU.ActiveCfg = Release|Android
		{70298A06-C462-48F0-9423-8E08C882839B}.Release|iOS.ActiveCfg = Release|iOS
		{70298A06-C462-48F0-9423-8E08C882839B}.Release|iOS.Build.0 = Release|iOS
		{70298A06-C462-48F0-9423-8E08C882839B}.Release|iOS.Deploy.0 = Release|iOS
		{70298A06-C462-48F0-9423-8E08C882839B}.Release|Windows Phone (Universal).ActiveCfg = Release|Windows Phone (Universal)
		{70298A06-C462-48F0-9423-8E08C882839B}.Release|Windows Phone (Universal).Build.0 = Release|Windows Phone (Universal)
		{70298A06-C462-48F0-9423-8E08C882839B}.Release|Windows Phone (Universal).Deploy.0 = Release|Windows Phone (Universal)
		{70298A06-C462-48F0-9423-8E08C882839B}.Release|Windows Phone 8.ActiveCfg = Release|Windows Phone 8
		{70298A06-C462-48F0-9423-8E08C882839B}.Release|Windows Phone 8.Build.0 = Release|Windows Phone 8
		{70298A06-C462-48F0-9423-8E08C882839B}.Release|Windows Phone 8.Deploy.0 = Release|Windows Phone 8
		{70298A06-C462-48F0-9423-8E08C882839B}.Release|Windows-AnyCPU.ActiveCfg = Release|Windows-AnyCPU
		{70298A06-C462-48F0-9423-8E08C882839B}.Release|Windows-AnyCPU.Build.0 = Release|Windows-AnyCPU
		{70298A06-C462-48F0-9423-8E08C882839B}.Release|Windows-AnyCPU.Deploy.0 = Release|Windows-AnyCPU
		{70298A06-C462-48F0-9423-8E08C882839B}.Release|Windows-ARM.ActiveCfg = Release|Windows-ARM
		{70298A06-C462-48F0-9423-8E08C882839B}.Release|Windows-ARM.Build.0 = Release|Windows-ARM
		{70298A06-C462-48F0-9423-8E08C882839B}.Release|Windows-ARM.Deploy.0 = Release|Windows-ARM
		{70298A06-C462-48F0-9423-8E08C882839B}.Release|Windows-x64.ActiveCfg = Release|Windows-x64
		{70298A06-C462-48F0-9423-8E08C882839B}.Release|Windows-x64.Build.0 = Release|Windows-x64
		{70298A06-C462-48F0-9423-8E08C882839B}.Release|Windows-x64.Deploy.0 = Release|Windows-x64
		{70298A06-C462-48F0-9423-8E08C882839B}.Release|Windows-x86.ActiveCfg = Release|Windows-x86
		{70298A06-C462-48F0-9423-8E08C882839B}.Release|Windows-x86.Build.0 = Release|Windows-x86
		{70298A06-C462-48F0-9423-8E08C882839B}.Release|Windows-x86.Deploy.0 = Release|Windows-x86
		{FBF6A57B-BB7A-43AD-BD07-DA7994FB500E}.Debug|Android.ActiveCfg = Debug|Any CPU
		{FBF6A57B-BB7A-43AD-BD07-DA7994FB500E}.Debug|Android.Build.0 = Debug|Any CPU
		{FBF6A57B-BB7A-43AD-BD07-DA7994FB500E}.Debug|Any CPU.ActiveCfg = Debug|Any CPU
		{FBF6A57B-BB7A-43AD-BD07-DA7994FB500E}.Debug|Any CPU.Build.0 = Debug|Any CPU
		{FBF6A57B-BB7A-43AD-BD07-DA7994FB500E}.Debug|iOS.ActiveCfg = Debug|Any CPU
		{FBF6A57B-BB7A-43AD-BD07-DA7994FB500E}.Debug|iOS.Build.0 = Debug|Any CPU
		{FBF6A57B-BB7A-43AD-BD07-DA7994FB500E}.Debug|Windows Phone (Universal).ActiveCfg = Debug|Any CPU
		{FBF6A57B-BB7A-43AD-BD07-DA7994FB500E}.Debug|Windows Phone (Universal).Build.0 = Debug|Any CPU
		{FBF6A57B-BB7A-43AD-BD07-DA7994FB500E}.Debug|Windows Phone 8.ActiveCfg = Debug|Any CPU
		{FBF6A57B-BB7A-43AD-BD07-DA7994FB500E}.Debug|Windows Phone 8.Build.0 = Debug|Any CPU
		{FBF6A57B-BB7A-43AD-BD07-DA7994FB500E}.Debug|Windows-AnyCPU.ActiveCfg = Debug|Any CPU
		{FBF6A57B-BB7A-43AD-BD07-DA7994FB500E}.Debug|Windows-AnyCPU.Build.0 = Debug|Any CPU
		{FBF6A57B-BB7A-43AD-BD07-DA7994FB500E}.Debug|Windows-ARM.ActiveCfg = Debug|Any CPU
		{FBF6A57B-BB7A-43AD-BD07-DA7994FB500E}.Debug|Windows-ARM.Build.0 = Debug|Any CPU
		{FBF6A57B-BB7A-43AD-BD07-DA7994FB500E}.Debug|Windows-x64.ActiveCfg = Debug|Any CPU
		{FBF6A57B-BB7A-43AD-BD07-DA7994FB500E}.Debug|Windows-x64.Build.0 = Debug|Any CPU
		{FBF6A57B-BB7A-43AD-BD07-DA7994FB500E}.Debug|Windows-x86.ActiveCfg = Debug|Any CPU
		{FBF6A57B-BB7A-43AD-BD07-DA7994FB500E}.Debug|Windows-x86.Build.0 = Debug|Any CPU
		{FBF6A57B-BB7A-43AD-BD07-DA7994FB500E}.Release|Android.ActiveCfg = Release|Any CPU
		{FBF6A57B-BB7A-43AD-BD07-DA7994FB500E}.Release|Android.Build.0 = Release|Any CPU
		{FBF6A57B-BB7A-43AD-BD07-DA7994FB500E}.Release|Any CPU.ActiveCfg = Release|Any CPU
		{FBF6A57B-BB7A-43AD-BD07-DA7994FB500E}.Release|Any CPU.Build.0 = Release|Any CPU
		{FBF6A57B-BB7A-43AD-BD07-DA7994FB500E}.Release|iOS.ActiveCfg = Release|Any CPU
		{FBF6A57B-BB7A-43AD-BD07-DA7994FB500E}.Release|iOS.Build.0 = Release|Any CPU
		{FBF6A57B-BB7A-43AD-BD07-DA7994FB500E}.Release|Windows Phone (Universal).ActiveCfg = Release|Any CPU
		{FBF6A57B-BB7A-43AD-BD07-DA7994FB500E}.Release|Windows Phone (Universal).Build.0 = Release|Any CPU
		{FBF6A57B-BB7A-43AD-BD07-DA7994FB500E}.Release|Windows Phone 8.ActiveCfg = Release|Any CPU
		{FBF6A57B-BB7A-43AD-BD07-DA7994FB500E}.Release|Windows Phone 8.Build.0 = Release|Any CPU
		{FBF6A57B-BB7A-43AD-BD07-DA7994FB500E}.Release|Windows-AnyCPU.ActiveCfg = Release|Any CPU
		{FBF6A57B-BB7A-43AD-BD07-DA7994FB500E}.Release|Windows-AnyCPU.Build.0 = Release|Any CPU
		{FBF6A57B-BB7A-43AD-BD07-DA7994FB500E}.Release|Windows-ARM.ActiveCfg = Release|Any CPU
		{FBF6A57B-BB7A-43AD-BD07-DA7994FB500E}.Release|Windows-ARM.Build.0 = Release|Any CPU
		{FBF6A57B-BB7A-43AD-BD07-DA7994FB500E}.Release|Windows-x64.ActiveCfg = Release|Any CPU
		{FBF6A57B-BB7A-43AD-BD07-DA7994FB500E}.Release|Windows-x64.Build.0 = Release|Any CPU
		{FBF6A57B-BB7A-43AD-BD07-DA7994FB500E}.Release|Windows-x86.ActiveCfg = Release|Any CPU
		{FBF6A57B-BB7A-43AD-BD07-DA7994FB500E}.Release|Windows-x86.Build.0 = Release|Any CPU
	EndGlobalSection
	GlobalSection(SolutionProperties) = preSolution
		HideSolutionNode = FALSE
	EndGlobalSection
EndGlobal
